
Microsoft Visual Studio Solution File, Format Version 12.00
# Visual Studio 15
VisualStudioVersion = 15.0.28307.1082
MinimumVisualStudioVersion = 10.0.40219.1
Project("{8BC9CEB8-8B4A-11D0-8D11-00A0C91BC942}") = "DJIMavicConcat", "DJIMavicConcat.vcxproj", "{F91B622B-E5A5-439D-A5F6-99182ADCF03C}"
EndProject
Global
	GlobalSection(SolutionConfigurationPlatforms) = preSolution
		Debug|x64 = Debug|x64
		Debug|x86 = Debug|x86
		Release|x64 = Release|x64
		Release|x86 = Release|x86
	EndGlobalSection
	GlobalSection(ProjectConfigurationPlatforms) = postSolution
		{F91B622B-E5A5-439D-A5F6-99182ADCF03C}.Debug|x64.ActiveCfg = Debug|x64
		{F91B622B-E5A5-439D-A5F6-99182ADCF03C}.Debug|x64.Build.0 = Debug|x64
		{F91B622B-E5A5-439D-A5F6-99182ADCF03C}.Debug|x86.ActiveCfg = Debug|Win32
		{F91B622B-E5A5-439D-A5F6-99182ADCF03C}.Debug|x86.Build.0 = Debug|Win32
		{F91B622B-E5A5-439D-A5F6-99182ADCF03C}.Release|x64.ActiveCfg = Release|x64
		{F91B622B-E5A5-439D-A5F6-99182ADCF03C}.Release|x64.Build.0 = Release|x64
		{F91B622B-E5A5-439D-A5F6-99182ADCF03C}.Release|x86.ActiveCfg = Release|Win32
		{F91B622B-E5A5-439D-A5F6-99182ADCF03C}.Release|x86.Build.0 = Release|Win32
	EndGlobalSection
	GlobalSection(SolutionProperties) = preSolution
		HideSolutionNode = FALSE
	EndGlobalSection
	GlobalSection(ExtensibilityGlobals) = postSolution
		SolutionGuid = {3EDBA431-E73E-4E8A-80A0-A3899BD11502}
	EndGlobalSection
EndGlobal
